
Microsoft Visual Studio Solution File, Format Version 12.00
# Visual Studio Version 17
VisualStudioVersion = 17.1.32328.378
MinimumVisualStudioVersion = 10.0.40219.1
Project("{9A19103F-16F7-4668-BE54-9A1E7A4F7556}") = "WebAPI", "WebAPI\WebAPI.csproj", "{1CEE5316-530F-4696-9B59-DCDE791B70B7}"
EndProject
Project("{9A19103F-16F7-4668-BE54-9A1E7A4F7556}") = "Business", "Business\Business.csproj", "{06969C3B-ACDB-45F9-AE72-0BA30C27C953}"
EndProject
Project("{9A19103F-16F7-4668-BE54-9A1E7A4F7556}") = "Core", "Core\Core.csproj", "{D756EC60-7E3E-47DB-A3DD-A2377D4ADE2F}"
EndProject
Project("{9A19103F-16F7-4668-BE54-9A1E7A4F7556}") = "DataAccess", "DataAccess\DataAccess.csproj", "{85F8B90E-51B0-492A-8229-1A18D1ABFA58}"
EndProject
Project("{9A19103F-16F7-4668-BE54-9A1E7A4F7556}") = "Entities", "Entities\Entities.csproj", "{46B749FD-0094-4C27-A163-2A4CAF44636D}"
EndProject
Project("{2150E333-8FDC-42A3-9474-1A3956D46DE8}") = "Solution Items", "Solution Items", "{3F840BCD-676F-4A83-B8A7-67DA1883267E}"
	ProjectSection(SolutionItems) = preProject
		Readme.md = Readme.md
	EndProjectSection
EndProject
Global
	GlobalSection(SolutionConfigurationPlatforms) = preSolution
		Debug|Any CPU = Debug|Any CPU
		Release|Any CPU = Release|Any CPU
	EndGlobalSection
	GlobalSection(ProjectConfigurationPlatforms) = postSolution
		{1CEE5316-530F-4696-9B59-DCDE791B70B7}.Debug|Any CPU.ActiveCfg = Debug|Any CPU
		{1CEE5316-530F-4696-9B59-DCDE791B70B7}.Debug|Any CPU.Build.0 = Debug|Any CPU
		{1CEE5316-530F-4696-9B59-DCDE791B70B7}.Release|Any CPU.ActiveCfg = Release|Any CPU
		{1CEE5316-530F-4696-9B59-DCDE791B70B7}.Release|Any CPU.Build.0 = Release|Any CPU
		{06969C3B-ACDB-45F9-AE72-0BA30C27C953}.Debug|Any CPU.ActiveCfg = Debug|Any CPU
		{06969C3B-ACDB-45F9-AE72-0BA30C27C953}.Debug|Any CPU.Build.0 = Debug|Any CPU
		{06969C3B-ACDB-45F9-AE72-0BA30C27C953}.Release|Any CPU.ActiveCfg = Release|Any CPU
		{06969C3B-ACDB-45F9-AE72-0BA30C27C953}.Release|Any CPU.Build.0 = Release|Any CPU
		{D756EC60-7E3E-47DB-A3DD-A2377D4ADE2F}.Debug|Any CPU.ActiveCfg = Debug|Any CPU
		{D756EC60-7E3E-47DB-A3DD-A2377D4ADE2F}.Debug|Any CPU.Build.0 = Debug|Any CPU
		{D756EC60-7E3E-47DB-A3DD-A2377D4ADE2F}.Release|Any CPU.ActiveCfg = Release|Any CPU
		{D756EC60-7E3E-47DB-A3DD-A2377D4ADE2F}.Release|Any CPU.Build.0 = Release|Any CPU
		{85F8B90E-51B0-492A-8229-1A18D1ABFA58}.Debug|Any CPU.ActiveCfg = Debug|Any CPU
		{85F8B90E-51B0-492A-8229-1A18D1ABFA58}.Debug|Any CPU.Build.0 = Debug|Any CPU
		{85F8B90E-51B0-492A-8229-1A18D1ABFA58}.Release|Any CPU.ActiveCfg = Release|Any CPU
		{85F8B90E-51B0-492A-8229-1A18D1ABFA58}.Release|Any CPU.Build.0 = Release|Any CPU
		{46B749FD-0094-4C27-A163-2A4CAF44636D}.Debug|Any CPU.ActiveCfg = Debug|Any CPU
		{46B749FD-0094-4C27-A163-2A4CAF44636D}.Debug|Any CPU.Build.0 = Debug|Any CPU
		{46B749FD-0094-4C27-A163-2A4CAF44636D}.Release|Any CPU.ActiveCfg = Release|Any CPU
		{46B749FD-0094-4C27-A163-2A4CAF44636D}.Release|Any CPU.Build.0 = Release|Any CPU
	EndGlobalSection
	GlobalSection(SolutionProperties) = preSolution
		HideSolutionNode = FALSE
	EndGlobalSection
	GlobalSection(ExtensibilityGlobals) = postSolution
		SolutionGuid = {935A8677-1AAE-4A48-B634-6D1A96BB6C53}
	EndGlobalSection
EndGlobal
